
Microsoft Visual Studio Solution File, Format Version 12.00
# Visual Studio Version 17
VisualStudioVersion = 17.11.35327.3
MinimumVisualStudioVersion = 10.0.40219.1
Project("{FAE04EC0-301F-11D3-BF4B-00C04F79EFBC}") = "ObjectOrientedProgrammingDay4", "ObjectOrientedProgrammingDay4.csproj", "{84952F3C-44E1-4C5B-8441-F1565F3584CB}"
EndProject
Global
	GlobalSection(SolutionConfigurationPlatforms) = preSolution
		Debug|Any CPU = Debug|Any CPU
		Release|Any CPU = Release|Any CPU
	EndGlobalSection
	GlobalSection(ProjectConfigurationPlatforms) = postSolution
		{84952F3C-44E1-4C5B-8441-F1565F3584CB}.Debug|Any CPU.ActiveCfg = Debug|Any CPU
		{84952F3C-44E1-4C5B-8441-F1565F3584CB}.Debug|Any CPU.Build.0 = Debug|Any CPU
		{84952F3C-44E1-4C5B-8441-F1565F3584CB}.Release|Any CPU.ActiveCfg = Release|Any CPU
		{84952F3C-44E1-4C5B-8441-F1565F3584CB}.Release|Any CPU.Build.0 = Release|Any CPU
	EndGlobalSection
	GlobalSection(SolutionProperties) = preSolution
		HideSolutionNode = FALSE
	EndGlobalSection
	GlobalSection(ExtensibilityGlobals) = postSolution
		SolutionGuid = {460280F7-57E4-4FF7-A97A-FDA51D65A5C3}
	EndGlobalSection
EndGlobal
